
Microsoft Visual Studio Solution File, Format Version 12.00
# Visual Studio Version 16
VisualStudioVersion = 16.0.30503.244
MinimumVisualStudioVersion = 10.0.40219.1
Project("{FAE04EC0-301F-11D3-BF4B-00C04F79EFBC}") = "Arrays-left-rotation", "Arrays-left-rotation\Arrays-left-rotation.csproj", "{30232C48-316A-431A-BEC5-D7E2A58FFE81}"
EndProject
Global
	GlobalSection(SolutionConfigurationPlatforms) = preSolution
		Debug|Any CPU = Debug|Any CPU
		Release|Any CPU = Release|Any CPU
	EndGlobalSection
	GlobalSection(ProjectConfigurationPlatforms) = postSolution
		{30232C48-316A-431A-BEC5-D7E2A58FFE81}.Debug|Any CPU.ActiveCfg = Debug|Any CPU
		{30232C48-316A-431A-BEC5-D7E2A58FFE81}.Debug|Any CPU.Build.0 = Debug|Any CPU
		{30232C48-316A-431A-BEC5-D7E2A58FFE81}.Release|Any CPU.ActiveCfg = Release|Any CPU
		{30232C48-316A-431A-BEC5-D7E2A58FFE81}.Release|Any CPU.Build.0 = Release|Any CPU
	EndGlobalSection
	GlobalSection(SolutionProperties) = preSolution
		HideSolutionNode = FALSE
	EndGlobalSection
	GlobalSection(ExtensibilityGlobals) = postSolution
		SolutionGuid = {6AE01CC3-6D31-46D0-90C9-E1B8364279BD}
	EndGlobalSection
EndGlobal
